{
    "version": 3,
    "terraform_version": "0.11.11",
    "serial": 14,
    "lineage": "43634475-513a-d9de-e8bf-c3d908dbdda6",
    "modules": [
        {
            "path": [
                "root"
            ],
            "outputs": {
                "app_external_ip": {
                    "sensitive": false,
                    "type": "string",
                    "value": "35.240.104.74"
                }
            },
            "resources": {
                "google_compute_firewall.firewall_puma": {
                    "type": "google_compute_firewall",
                    "depends_on": [],
                    "primary": {
                        "id": "allow-puma-default",
                        "attributes": {
                            "allow.#": "1",
                            "allow.931060522.ports.#": "1",
                            "allow.931060522.ports.0": "9292",
                            "allow.931060522.protocol": "tcp",
                            "creation_timestamp": "2019-04-19T00:58:02.664-07:00",
                            "deny.#": "0",
                            "description": "",
                            "destination_ranges.#": "0",
                            "direction": "INGRESS",
                            "disabled": "false",
                            "id": "allow-puma-default",
                            "name": "allow-puma-default",
                            "network": "https://www.googleapis.com/compute/v1/projects/infra-237610/global/networks/default",
                            "priority": "1000",
                            "project": "infra-237610",
                            "self_link": "https://www.googleapis.com/compute/v1/projects/infra-237610/global/firewalls/allow-puma-default",
                            "source_ranges.#": "1",
                            "source_ranges.1080289494": "0.0.0.0/0",
                            "source_service_accounts.#": "0",
                            "source_tags.#": "0",
                            "target_service_accounts.#": "0",
                            "target_tags.#": "1",
                            "target_tags.3447521912": "reddit-app-1"
                        },
                        "meta": {
                            "e2bfb730-ecaa-11e6-8f88-34363bc7c4c0": {
                                "create": 240000000000,
                                "delete": 240000000000,
                                "update": 240000000000
                            },
                            "schema_version": "1"
                        },
                        "tainted": false
                    },
                    "deposed": [],
                    "provider": "provider.google"
                },
                "google_compute_instance.app": {
                    "type": "google_compute_instance",
                    "depends_on": [],
                    "primary": {
                        "id": "reddit-app-1",
                        "attributes": {
                            "attached_disk.#": "0",
                            "boot_disk.#": "1",
                            "boot_disk.0.auto_delete": "true",
                            "boot_disk.0.device_name": "persistent-disk-0",
                            "boot_disk.0.disk_encryption_key_raw": "",
                            "boot_disk.0.disk_encryption_key_sha256": "",
                            "boot_disk.0.initialize_params.#": "1",
                            "boot_disk.0.initialize_params.0.image": "https://www.googleapis.com/compute/v1/projects/infra-237610/global/images/reddit-base-1555573320",
                            "boot_disk.0.initialize_params.0.size": "10",
                            "boot_disk.0.initialize_params.0.type": "pd-standard",
                            "boot_disk.0.source": "https://www.googleapis.com/compute/v1/projects/infra-237610/zones/europe-west1-b/disks/reddit-app-1",
                            "can_ip_forward": "false",
                            "cpu_platform": "Intel Haswell",
                            "deletion_protection": "false",
                            "guest_accelerator.#": "0",
                            "hostname": "",
                            "id": "reddit-app-1",
                            "instance_id": "114739632588243300",
                            "label_fingerprint": "42WmSpB8rSM=",
                            "labels.%": "0",
                            "machine_type": "g1-small",
                            "metadata.%": "1",
                            "metadata.ssh-keys": "sasha:ssh-rsa AAAAB3NzaC1yc2EAAAADAQABAAABAQDRyNnruaJB1I+JWwL8cuo+b+60UVGlnUFsNspNdPxDgOSgN1tCxSKC6a+W9n/AV4nV1pi6Gnq26NwwDP/bgTFxP+vhg8Dhk8YXEXQvRkfRaL3No/cGlvu69KGdk2RVZvyCcR7PTLXBZqWHyTqq3yNgcT5mCQvikc0nxHMUQMNAhyMr8tCJEGrksQTp209xHQvqaCc4WnyckHXkT10yFBCNUIIfk4jGzvZeeNFH0FVwczplhBwTJl6QojlPjYBYY3zCk6yeWsJg1QJ1snGmVw6Br2jedzrI7qB0K6/0Gta30RYBt4kUxBoqzxx54kci6jsmwPie7jl+bVoc5g5xX9Cv sasha\n",
                            "metadata_fingerprint": "M9gjOfMMceU=",
                            "metadata_startup_script": "",
                            "min_cpu_platform": "",
                            "name": "reddit-app-1",
                            "network_interface.#": "1",
                            "network_interface.0.access_config.#": "1",
                            "network_interface.0.access_config.0.assigned_nat_ip": "",
                            "network_interface.0.access_config.0.nat_ip": "35.240.104.74",
                            "network_interface.0.access_config.0.network_tier": "PREMIUM",
                            "network_interface.0.access_config.0.public_ptr_domain_name": "",
                            "network_interface.0.address": "",
                            "network_interface.0.alias_ip_range.#": "0",
                            "network_interface.0.name": "nic0",
                            "network_interface.0.network": "https://www.googleapis.com/compute/v1/projects/infra-237610/global/networks/default",
                            "network_interface.0.network_ip": "10.132.0.12",
                            "network_interface.0.subnetwork": "https://www.googleapis.com/compute/v1/projects/infra-237610/regions/europe-west1/subnetworks/default",
                            "network_interface.0.subnetwork_project": "infra-237610",
                            "project": "infra-237610",
                            "scheduling.#": "1",
                            "scheduling.0.automatic_restart": "true",
                            "scheduling.0.on_host_maintenance": "MIGRATE",
                            "scheduling.0.preemptible": "false",
                            "scratch_disk.#": "0",
                            "self_link": "https://www.googleapis.com/compute/v1/projects/infra-237610/zones/europe-west1-b/instances/reddit-app-1",
                            "service_account.#": "0",
                            "tags.#": "1",
                            "tags.3447521912": "reddit-app-1",
                            "tags_fingerprint": "qRbYOmnwJDg=",
                            "zone": "europe-west1-b"
                        },
                        "meta": {
                            "e2bfb730-ecaa-11e6-8f88-34363bc7c4c0": {
                                "create": 360000000000,
                                "delete": 360000000000,
                                "update": 360000000000
                            },
                            "schema_version": "6"
                        },
                        "tainted": false
                    },
                    "deposed": [],
                    "provider": "provider.google"
                }
            },
            "depends_on": []
        }
    ]
}
